
Microsoft Visual Studio Solution File, Format Version 12.00
# Visual Studio Version 16
VisualStudioVersion = 16.0.29215.179
MinimumVisualStudioVersion = 10.0.40219.1
Project("{FAE04EC0-301F-11D3-BF4B-00C04F79EFBC}") = "BeatTheTilesGame", "BeatTheTilesGame\BeatTheTilesGame.csproj", "{565F7EDB-CC65-47D2-852E-3ED72F1FC0C9}"
EndProject
Global
	GlobalSection(SolutionConfigurationPlatforms) = preSolution
		Debug|Any CPU = Debug|Any CPU
		Release|Any CPU = Release|Any CPU
	EndGlobalSection
	GlobalSection(ProjectConfigurationPlatforms) = postSolution
		{565F7EDB-CC65-47D2-852E-3ED72F1FC0C9}.Debug|Any CPU.ActiveCfg = Debug|Any CPU
		{565F7EDB-CC65-47D2-852E-3ED72F1FC0C9}.Debug|Any CPU.Build.0 = Debug|Any CPU
		{565F7EDB-CC65-47D2-852E-3ED72F1FC0C9}.Release|Any CPU.ActiveCfg = Release|Any CPU
		{565F7EDB-CC65-47D2-852E-3ED72F1FC0C9}.Release|Any CPU.Build.0 = Release|Any CPU
	EndGlobalSection
	GlobalSection(SolutionProperties) = preSolution
		HideSolutionNode = FALSE
	EndGlobalSection
	GlobalSection(ExtensibilityGlobals) = postSolution
		SolutionGuid = {C4DD6883-0CEF-478F-931C-11F2720DBB94}
	EndGlobalSection
EndGlobal
